
Microsoft Visual Studio Solution File, Format Version 12.00
# Visual Studio Version 17
VisualStudioVersion = 17.2.32616.157
MinimumVisualStudioVersion = 10.0.40219.1
Project("{FAE04EC0-301F-11D3-BF4B-00C04F79EFBC}") = "LunchBuddies", "LunchBuddies\LunchBuddies.csproj", "{3445ADF8-7B8A-46FC-93BC-B7323BE5FAC4}"
EndProject
Global
	GlobalSection(SolutionConfigurationPlatforms) = preSolution
		Debug|Any CPU = Debug|Any CPU
		Release|Any CPU = Release|Any CPU
	EndGlobalSection
	GlobalSection(ProjectConfigurationPlatforms) = postSolution
		{3445ADF8-7B8A-46FC-93BC-B7323BE5FAC4}.Debug|Any CPU.ActiveCfg = Debug|Any CPU
		{3445ADF8-7B8A-46FC-93BC-B7323BE5FAC4}.Debug|Any CPU.Build.0 = Debug|Any CPU
		{3445ADF8-7B8A-46FC-93BC-B7323BE5FAC4}.Release|Any CPU.ActiveCfg = Release|Any CPU
		{3445ADF8-7B8A-46FC-93BC-B7323BE5FAC4}.Release|Any CPU.Build.0 = Release|Any CPU
	EndGlobalSection
	GlobalSection(SolutionProperties) = preSolution
		HideSolutionNode = FALSE
	EndGlobalSection
	GlobalSection(ExtensibilityGlobals) = postSolution
		SolutionGuid = {E6488F2A-4CBF-48E5-997B-96906D7E48F0}
	EndGlobalSection
EndGlobal
